// !$*UTF8*$!
{
	archiveVersion = 1;
	classes = {
	};
	objectVersion = 46;
	objects = {

/* Begin PBXBuildFile section */
		FF41EF961AABE86C000FD66C /* AppDelegate.swift in Sources */ = {isa = PBXBuildFile; fileRef = FF41EF951AABE86C000FD66C /* AppDelegate.swift */; };
		FF41EF981AABE86C000FD66C /* ViewController.swift in Sources */ = {isa = PBXBuildFile; fileRef = FF41EF971AABE86C000FD66C /* ViewController.swift */; };
		FF41EF9B1AABE86C000FD66C /* Main.storyboard in Resources */ = {isa = PBXBuildFile; fileRef = FF41EF991AABE86C000FD66C /* Main.storyboard */; };
		FF41EF9D1AABE86C000FD66C /* Images.xcassets in Resources */ = {isa = PBXBuildFile; fileRef = FF41EF9C1AABE86C000FD66C /* Images.xcassets */; };
		FF41EFA01AABE86C000FD66C /* LaunchScreen.xib in Resources */ = {isa = PBXBuildFile; fileRef = FF41EF9E1AABE86C000FD66C /* LaunchScreen.xib */; };
		FF41EFAC1AABE86D000FD66C /* id_sampleTests.swift in Sources */ = {isa = PBXBuildFile; fileRef = FF41EFAB1AABE86D000FD66C /* id_sampleTests.swift */; };
/* End PBXBuildFile section */

/* Begin PBXContainerItemProxy section */
		FF41EFA61AABE86C000FD66C /* PBXContainerItemProxy */ = {
			isa = PBXContainerItemProxy;
			containerPortal = FF41EF881AABE86B000FD66C /* Project object */;
			proxyType = 1;
			remoteGlobalIDString = FF41EF8F1AABE86B000FD66C;
			remoteInfo = id_sample;
		};
/* End PBXContainerItemProxy section */

/* Begin PBXFileReference section */
		FF41EF901AABE86B000FD66C /* id_sample.app */ = {isa = PBXFileReference; explicitFileType = wrapper.application; includeInIndex = 0; path = id_sample.app; sourceTree = BUILT_PRODUCTS_DIR; };
		FF41EF941AABE86B000FD66C /* Info.plist */ = {isa = PBXFileReference; lastKnownFileType = text.plist.xml; path = Info.plist; sourceTree = "<group>"; };
		FF41EF951AABE86C000FD66C /* AppDelegate.swift */ = {isa = PBXFileReference; lastKnownFileType = sourcecode.swift; path = AppDelegate.swift; sourceTree = "<group>"; };
		FF41EF971AABE86C000FD66C /* ViewController.swift */ = {isa = PBXFileReference; lastKnownFileType = sourcecode.swift; path = ViewController.swift; sourceTree = "<group>"; };
		FF41EF9A1AABE86C000FD66C /* Base */ = {isa = PBXFileReference; lastKnownFileType = file.storyboard; name = Base; path = Base.lproj/Main.storyboard; sourceTree = "<group>"; };
		FF41EF9C1AABE86C000FD66C /* Images.xcassets */ = {isa = PBXFileReference; lastKnownFileType = folder.assetcatalog; path = Images.xcassets; sourceTree = "<group>"; };
		FF41EF9F1AABE86C000FD66C /* Base */ = {isa = PBXFileReference; lastKnownFileType = file.xib; name = Base; path = Base.lproj/LaunchScreen.xib; sourceTree = "<group>"; };
		FF41EFA51AABE86C000FD66C /* id_sampleTests.xctest */ = {isa = PBXFileReference; explicitFileType = wrapper.cfbundle; includeInIndex = 0; path = id_sampleTests.xctest; sourceTree = BUILT_PRODUCTS_DIR; };
		FF41EFAA1AABE86D000FD66C /* Info.plist */ = {isa = PBXFileReference; lastKnownFileType = text.plist.xml; path = Info.plist; sourceTree = "<group>"; };
		FF41EFAB1AABE86D000FD66C /* id_sampleTests.swift */ = {isa = PBXFileReference; lastKnownFileType = sourcecode.swift; path = id_sampleTests.swift; sourceTree = "<group>"; };
/* End PBXFileReference section */

/* Begin PBXFrameworksBuildPhase section */
		FF41EF8D1AABE86B000FD66C /* Frameworks */ = {
			isa = PBXFrameworksBuildPhase;
			buildActionMask = 2147483647;
			files = (
			);
			runOnlyForDeploymentPostprocessing = 0;
		};
		FF41EFA21AABE86C000FD66C /* Frameworks */ = {
			isa = PBXFrameworksBuildPhase;
			buildActionMask = 2147483647;
			files = (
			);
			runOnlyForDeploymentPostprocessing = 0;
		};
/* End PBXFrameworksBuildPhase section */

/* Begin PBXGroup section */
		FF41EF871AABE86B000FD66C = {
			isa = PBXGroup;
			children = (
				FF41EF921AABE86B000FD66C /* id_sample */,
				FF41EFA81AABE86C000FD66C /* id_sampleTests */,
				FF41EF911AABE86B000FD66C /* Products */,
			);
			sourceTree = "<group>";
		};
		FF41EF911AABE86B000FD66C /* Products */ = {
			isa = PBXGroup;
			children = (
				FF41EF901AABE86B000FD66C /* id_sample.app */,
				FF41EFA51AABE86C000FD66C /* id_sampleTests.xctest */,
			);
			name = Products;
			sourceTree = "<group>";
		};
		FF41EF921AABE86B000FD66C /* id_sample */ = {
			isa = PBXGroup;
			children = (
				FF41EF951AABE86C000FD66C /* AppDelegate.swift */,
				FF41EF971AABE86C000FD66C /* ViewController.swift */,
				FF41EF991AABE86C000FD66C /* Main.storyboard */,
				FF41EF9C1AABE86C000FD66C /* Images.xcassets */,
				FF41EF9E1AABE86C000FD66C /* LaunchScreen.xib */,
				FF41EF931AABE86B000FD66C /* Supporting Files */,
			);
			path = id_sample;
			sourceTree = "<group>";
		};
		FF41EF931AABE86B000FD66C /* Supporting Files */ = {
			isa = PBXGroup;
			children = (
				FF41EF941AABE86B000FD66C /* Info.plist */,
			);
			name = "Supporting Files";
			sourceTree = "<group>";
		};
		FF41EFA81AABE86C000FD66C /* id_sampleTests */ = {
			isa = PBXGroup;
			children = (
				FF41EFAB1AABE86D000FD66C /* id_sampleTests.swift */,
				FF41EFA91AABE86D000FD66C /* Supporting Files */,
			);
			path = id_sampleTests;
			sourceTree = "<group>";
		};
		FF41EFA91AABE86D000FD66C /* Supporting Files */ = {
			isa = PBXGroup;
			children = (
				FF41EFAA1AABE86D000FD66C /* Info.plist */,
			);
			name = "Supporting Files";
			sourceTree = "<group>";
		};
/* End PBXGroup section */

/* Begin PBXNativeTarget section */
		FF41EF8F1AABE86B000FD66C /* id_sample */ = {
			isa = PBXNativeTarget;
			buildConfigurationList = FF41EFAF1AABE86D000FD66C /* Build configuration list for PBXNativeTarget "id_sample" */;
			buildPhases = (
				FF41EF8C1AABE86B000FD66C /* Sources */,
				FF41EF8D1AABE86B000FD66C /* Frameworks */,
				FF41EF8E1AABE86B000FD66C /* Resources */,
			);
			buildRules = (
			);
			dependencies = (
			);
			name = id_sample;
			productName = id_sample;
			productReference = FF41EF901AABE86B000FD66C /* id_sample.app */;
			productType = "com.apple.product-type.application";
		};
		FF41EFA41AABE86C000FD66C /* id_sampleTests */ = {
			isa = PBXNativeTarget;
			buildConfigurationList = FF41EFB21AABE86D000FD66C /* Build configuration list for PBXNativeTarget "id_sampleTests" */;
			buildPhases = (
				FF41EFA11AABE86C000FD66C /* Sources */,
				FF41EFA21AABE86C000FD66C /* Frameworks */,
				FF41EFA31AABE86C000FD66C /* Resources */,
			);
			buildRules = (
			);
			dependencies = (
				FF41EFA71AABE86C000FD66C /* PBXTargetDependency */,
			);
			name = id_sampleTests;
			productName = id_sampleTests;
			productReference = FF41EFA51AABE86C000FD66C /* id_sampleTests.xctest */;
			productType = "com.apple.product-type.bundle.unit-test";
		};
/* End PBXNativeTarget section */

/* Begin PBXProject section */
		FF41EF881AABE86B000FD66C /* Project object */ = {
			isa = PBXProject;
			attributes = {
				LastUpgradeCheck = 0610;
				ORGANIZATIONNAME = jketch;
				TargetAttributes = {
					FF41EF8F1AABE86B000FD66C = {
						CreatedOnToolsVersion = 6.1.1;
						DevelopmentTeam = B5S57NUZGY;
					};
					FF41EFA41AABE86C000FD66C = {
						CreatedOnToolsVersion = 6.1.1;
						TestTargetID = FF41EF8F1AABE86B000FD66C;
					};
				};
			};
			buildConfigurationList = FF41EF8B1AABE86B000FD66C /* Build configuration list for PBXProject "id_sample" */;
			compatibilityVersion = "Xcode 3.2";
			developmentRegion = English;
			hasScannedForEncodings = 0;
			knownRegions = (
				en,
				Base,
			);
			mainGroup = FF41EF871AABE86B000FD66C;
			productRefGroup = FF41EF911AABE86B000FD66C /* Products */;
			projectDirPath = "";
			projectRoot = "";
			targets = (
				FF41EF8F1AABE86B000FD66C /* id_sample */,
				FF41EFA41AABE86C000FD66C /* id_sampleTests */,
			);
		};
/* End PBXProject section */

/* Begin PBXResourcesBuildPhase section */
		FF41EF8E1AABE86B000FD66C /* Resources */ = {
			isa = PBXResourcesBuildPhase;
			buildActionMask = 2147483647;
			files = (
				FF41EF9B1AABE86C000FD66C /* Main.storyboard in Resources */,
				FF41EFA01AABE86C000FD66C /* LaunchScreen.xib in Resources */,
				FF41EF9D1AABE86C000FD66C /* Images.xcassets in Resources */,
			);
			runOnlyForDeploymentPostprocessing = 0;
		};
		FF41EFA31AABE86C000FD66C /* Resources */ = {
			isa = PBXResourcesBuildPhase;
			buildActionMask = 2147483647;
			files = (
			);
			runOnlyForDeploymentPostprocessing = 0;
		};
/* End PBXResourcesBuildPhase section */

/* Begin PBXSourcesBuildPhase section */
		FF41EF8C1AABE86B000FD66C /* Sources */ = {
			isa = PBXSourcesBuildPhase;
			buildActionMask = 2147483647;
			files = (
				FF41EF981AABE86C000FD66C /* ViewController.swift in Sources */,
				FF41EF961AABE86C000FD66C /* AppDelegate.swift in Sources */,
			);
			runOnlyForDeploymentPostprocessing = 0;
		};
		FF41EFA11AABE86C000FD66C /* Sources */ = {
			isa = PBXSourcesBuildPhase;
			buildActionMask = 2147483647;
			files = (
				FF41EFAC1AABE86D000FD66C /* id_sampleTests.swift in Sources */,
			);
			runOnlyForDeploymentPostprocessing = 0;
		};
/* End PBXSourcesBuildPhase section */

/* Begin PBXTargetDependency section */
		FF41EFA71AABE86C000FD66C /* PBXTargetDependency */ = {
			isa = PBXTargetDependency;
			target = FF41EF8F1AABE86B000FD66C /* id_sample */;
			targetProxy = FF41EFA61AABE86C000FD66C /* PBXContainerItemProxy */;
		};
/* End PBXTargetDependency section */

/* Begin PBXVariantGroup section */
		FF41EF991AABE86C000FD66C /* Main.storyboard */ = {
			isa = PBXVariantGroup;
			children = (
				FF41EF9A1AABE86C000FD66C /* Base */,
			);
			name = Main.storyboard;
			sourceTree = "<group>";
		};
		FF41EF9E1AABE86C000FD66C /* LaunchScreen.xib */ = {
			isa = PBXVariantGroup;
			children = (
				FF41EF9F1AABE86C000FD66C /* Base */,
			);
			name = LaunchScreen.xib;
			sourceTree = "<group>";
		};
/* End PBXVariantGroup section */

/* Begin XCBuildConfiguration section */
		FF41EFAD1AABE86D000FD66C /* Debug */ = {
			isa = XCBuildConfiguration;
			buildSettings = {
				ALWAYS_SEARCH_USER_PATHS = NO;
				CLANG_CXX_LANGUAGE_STANDARD = "gnu++0x";
				CLANG_CXX_LIBRARY = "libc++";
				CLANG_ENABLE_MODULES = YES;
				CLANG_ENABLE_OBJC_ARC = YES;
				CLANG_WARN_BOOL_CONVERSION = YES;
				CLANG_WARN_CONSTANT_CONVERSION = YES;
				CLANG_WARN_DIRECT_OBJC_ISA_USAGE = YES_ERROR;
				CLANG_WARN_EMPTY_BODY = YES;
				CLANG_WARN_ENUM_CONVERSION = YES;
				CLANG_WARN_INT_CONVERSION = YES;
				CLANG_WARN_OBJC_ROOT_CLASS = YES_ERROR;
				CLANG_WARN_UNREACHABLE_CODE = YES;
				CLANG_WARN__DUPLICATE_METHOD_MATCH = YES;
				"CODE_SIGN_IDENTITY[sdk=iphoneos*]" = "iPhone Developer";
				COPY_PHASE_STRIP = NO;
				ENABLE_STRICT_OBJC_MSGSEND = YES;
				GCC_C_LANGUAGE_STANDARD = gnu99;
				GCC_DYNAMIC_NO_PIC = NO;
				GCC_OPTIMIZATION_LEVEL = 0;
				GCC_PREPROCESSOR_DEFINITIONS = (
					"DEBUG=1",
					"$(inherited)",
				);
				GCC_SYMBOLS_PRIVATE_EXTERN = NO;
				GCC_WARN_64_TO_32_BIT_CONVERSION = YES;
				GCC_WARN_ABOUT_RETURN_TYPE = YES_ERROR;
				GCC_WARN_UNDECLARED_SELECTOR = YES;
				GCC_WARN_UNINITIALIZED_AUTOS = YES_AGGRESSIVE;
				GCC_WARN_UNUSED_FUNCTION = YES;
				GCC_WARN_UNUSED_VARIABLE = YES;
				IPHONEOS_DEPLOYMENT_TARGET = 8.1;
				MTL_ENABLE_DEBUG_INFO = YES;
				ONLY_ACTIVE_ARCH = YES;
				SDKROOT = iphoneos;
				SWIFT_OPTIMIZATION_LEVEL = "-Onone";
				TARGETED_DEVICE_FAMILY = "1,2";
			};
			name = Debug;
		};
		FF41EFAE1AABE86D000FD66C /* Release */ = {
			isa = XCBuildConfiguration;
			buildSettings = {
				ALWAYS_SEARCH_USER_PATHS = NO;
				CLANG_CXX_LANGUAGE_STANDARD = "gnu++0x";
				CLANG_CXX_LIBRARY = "libc++";
				CLANG_ENABLE_MODULES = YES;
				CLANG_ENABLE_OBJC_ARC = YES;
				CLANG_WARN_BOOL_CONVERSION = YES;
				CLANG_WARN_CONSTANT_CONVERSION = YES;
				CLANG_WARN_DIRECT_OBJC_ISA_USAGE = YES_ERROR;
				CLANG_WARN_EMPTY_BODY = YES;
				CLANG_WARN_ENUM_CONVERSION = YES;
				CLANG_WARN_INT_CONVERSION = YES;
				CLANG_WARN_OBJC_ROOT_CLASS = YES_ERROR;
				CLANG_WARN_UNREACHABLE_CODE = YES;
				CLANG_WARN__DUPLICATE_METHOD_MATCH = YES;
				"CODE_SIGN_IDENTITY[sdk=iphoneos*]" = "iPhone Developer";
				COPY_PHASE_STRIP = YES;
				ENABLE_NS_ASSERTIONS = NO;
				ENABLE_STRICT_OBJC_MSGSEND = YES;
				GCC_C_LANGUAGE_STANDARD = gnu99;
				GCC_WARN_64_TO_32_BIT_CONVERSION = YES;
				GCC_WARN_ABOUT_RETURN_TYPE = YES_ERROR;
				GCC_WARN_UNDECLARED_SELECTOR = YES;
				GCC_WARN_UNINITIALIZED_AUTOS = YES_AGGRESSIVE;
				GCC_WARN_UNUSED_FUNCTION = YES;
				GCC_WARN_UNUSED_VARIABLE = YES;
				IPHONEOS_DEPLOYMENT_TARGET = 8.1;
				MTL_ENABLE_DEBUG_INFO = NO;
				SDKROOT = iphoneos;
				TARGETED_DEVICE_FAMILY = "1,2";
				VALIDATE_PRODUCT = YES;
			};
			name = Release;
		};
		FF41EFB01AABE86D000FD66C /* Debug */ = {
			isa = XCBuildConfiguration;
			buildSettings = {
				ASSETCATALOG_COMPILER_APPICON_NAME = AppIcon;
				CODE_SIGN_IDENTITY = "iPhone Developer";
				INFOPLIST_FILE = id_sample/Info.plist;
				LD_RUNPATH_SEARCH_PATHS = "$(inherited) @executable_path/Frameworks";
				PRODUCT_NAME = "$(TARGET_NAME)";
			};
			name = Debug;
		};
		FF41EFB11AABE86D000FD66C /* Release */ = {
			isa = XCBuildConfiguration;
			buildSettings = {
				ASSETCATALOG_COMPILER_APPICON_NAME = AppIcon;
				CODE_SIGN_IDENTITY = "iPhone Developer";
				INFOPLIST_FILE = id_sample/Info.plist;
				LD_RUNPATH_SEARCH_PATHS = "$(inherited) @executable_path/Frameworks";
				PRODUCT_NAME = "$(TARGET_NAME)";
			};
			name = Release;
		};
		FF41EFB31AABE86D000FD66C /* Debug */ = {
			isa = XCBuildConfiguration;
			buildSettings = {
				BUNDLE_LOADER = "$(TEST_HOST)";
				FRAMEWORK_SEARCH_PATHS = (
					"$(SDKROOT)/Developer/Library/Frameworks",
					"$(inherited)",
				);
				GCC_PREPROCESSOR_DEFINITIONS = (
					"DEBUG=1",
					"$(inherited)",
				);
				INFOPLIST_FILE = id_sampleTests/Info.plist;
				LD_RUNPATH_SEARCH_PATHS = "$(inherited) @executable_path/Frameworks @loader_path/Frameworks";
				PRODUCT_NAME = "$(TARGET_NAME)";
				TEST_HOST = "$(BUILT_PRODUCTS_DIR)/id_sample.app/id_sample";
			};
			name = Debug;
		};
		FF41EFB41AABE86D000FD66C /* Release */ = {
			isa = XCBuildConfiguration;
			buildSettings = {
				BUNDLE_LOADER = "$(TEST_HOST)";
				FRAMEWORK_SEARCH_PATHS = (
					"$(SDKROOT)/Developer/Library/Frameworks",
					"$(inherited)",
				);
				INFOPLIST_FILE = id_sampleTests/Info.plist;
				LD_RUNPATH_SEARCH_PATHS = "$(inherited) @executable_path/Frameworks @loader_path/Frameworks";
				PRODUCT_NAME = "$(TARGET_NAME)";
				TEST_HOST = "$(BUILT_PRODUCTS_DIR)/id_sample.app/id_sample";
			};
			name = Release;
		};
/* End XCBuildConfiguration section */

/* Begin XCConfigurationList section */
		FF41EF8B1AABE86B000FD66C /* Build configuration list for PBXProject "id_sample" */ = {
			isa = XCConfigurationList;
			buildConfigurations = (
				FF41EFAD1AABE86D000FD66C /* Debug */,
				FF41EFAE1AABE86D000FD66C /* Release */,
			);
			defaultConfigurationIsVisible = 0;
			defaultConfigurationName = Release;
		};
		FF41EFAF1AABE86D000FD66C /* Build configuration list for PBXNativeTarget "id_sample" */ = {
			isa = XCConfigurationList;
			buildConfigurations = (
				FF41EFB01AABE86D000FD66C /* Debug */,
				FF41EFB11AABE86D000FD66C /* Release */,
			);
			defaultConfigurationIsVisible = 0;
		};
		FF41EFB21AABE86D000FD66C /* Build configuration list for PBXNativeTarget "id_sampleTests" */ = {
			isa = XCConfigurationList;
			buildConfigurations = (
				FF41EFB31AABE86D000FD66C /* Debug */,
				FF41EFB41AABE86D000FD66C /* Release */,
			);
			defaultConfigurationIsVisible = 0;
		};
/* End XCConfigurationList section */
	};
	rootObject = FF41EF881AABE86B000FD66C /* Project object */;
}
