<?xml version="1.0" encoding="UTF-8"?>
<Scheme
   LastUpgradeVersion = "0620"
   version = "2.0">
   <BuildAction
      parallelizeBuildables = "YES"
      buildImplicitDependencies = "YES">
      <BuildActionEntries>
         <BuildActionEntry
            buildForTesting = "YES"
            buildForRunning = "YES"
            buildForProfiling = "YES"
            buildForArchiving = "YES"
            buildForAnalyzing = "YES">
            <BuildableReference
               BuildableIdentifier = "primary"
               BlueprintIdentifier = "FFFF9F171A9EA38A003A3D4C"
               BuildableName = "Werable_iOS_Swift WatchKit App.app"
               BlueprintName = "Werable_iOS_Swift WatchKit App"
               ReferencedContainer = "container:Werable_iOS_Swift.xcodeproj">
            </BuildableReference>
         </BuildActionEntry>
         <BuildActionEntry
            buildForTesting = "YES"
            buildForRunning = "YES"
            buildForProfiling = "YES"
            buildForArchiving = "YES"
            buildForAnalyzing = "YES">
            <BuildableReference
               BuildableIdentifier = "primary"
               BlueprintIdentifier = "FFFF9F0A1A9EA38A003A3D4C"
               BuildableName = "Werable_iOS_Swift WatchKit Extension.appex"
               BlueprintName = "Werable_iOS_Swift WatchKit Extension"
               ReferencedContainer = "container:Werable_iOS_Swift.xcodeproj">
            </BuildableReference>
         </BuildActionEntry>
         <BuildActionEntry
            buildForTesting = "YES"
            buildForRunning = "YES"
            buildForProfiling = "YES"
            buildForArchiving = "YES"
            buildForAnalyzing = "YES">
            <BuildableReference
               BuildableIdentifier = "primary"
               BlueprintIdentifier = "FFFF9ED41A9E7EAD003A3D4C"
               BuildableName = "Werable_iOS_Swift.app"
               BlueprintName = "Werable_iOS_Swift"
               ReferencedContainer = "container:Werable_iOS_Swift.xcodeproj">
            </BuildableReference>
         </BuildActionEntry>
      </BuildActionEntries>
   </BuildAction>
   <TestAction
      selectedDebuggerIdentifier = "Xcode.DebuggerFoundation.Debugger.LLDB"
      selectedLauncherIdentifier = "Xcode.DebuggerFoundation.Launcher.LLDB"
      shouldUseLaunchSchemeArgsEnv = "YES"
      buildConfiguration = "Debug">
      <Testables>
      </Testables>
      <MacroExpansion>
         <BuildableReference
            BuildableIdentifier = "primary"
            BlueprintIdentifier = "FFFF9F171A9EA38A003A3D4C"
            BuildableName = "Werable_iOS_Swift WatchKit App.app"
            BlueprintName = "Werable_iOS_Swift WatchKit App"
            ReferencedContainer = "container:Werable_iOS_Swift.xcodeproj">
         </BuildableReference>
      </MacroExpansion>
   </TestAction>
   <LaunchAction
      selectedDebuggerIdentifier = "Xcode.DebuggerFoundation.Debugger.LLDB"
      selectedLauncherIdentifier = "Xcode.DebuggerFoundation.Launcher.LLDB"
      launchStyle = "0"
      useCustomWorkingDirectory = "NO"
      buildConfiguration = "Debug"
      ignoresPersistentStateOnLaunch = "NO"
      debugDocumentVersioning = "YES"
      allowLocationSimulation = "YES"
      launchAutomaticallySubstyle = "8"
      notificationPayloadFile = "Werable_iOS_Swift WatchKit Extension/PushNotificationPayload.apns">
      <RemoteRunnable
         runnableDebuggingMode = "2"
         BundleIdentifier = "com.apple.springboard"
         RemotePath = "/Werable_iOS_Swift">
         <BuildableReference
            BuildableIdentifier = "primary"
            BlueprintIdentifier = "FFFF9F171A9EA38A003A3D4C"
            BuildableName = "Werable_iOS_Swift WatchKit App.app"
            BlueprintName = "Werable_iOS_Swift WatchKit App"
            ReferencedContainer = "container:Werable_iOS_Swift.xcodeproj">
         </BuildableReference>
      </RemoteRunnable>
      <MacroExpansion>
         <BuildableReference
            BuildableIdentifier = "primary"
            BlueprintIdentifier = "FFFF9F171A9EA38A003A3D4C"
            BuildableName = "Werable_iOS_Swift WatchKit App.app"
            BlueprintName = "Werable_iOS_Swift WatchKit App"
            ReferencedContainer = "container:Werable_iOS_Swift.xcodeproj">
         </BuildableReference>
      </MacroExpansion>
      <AdditionalOptions>
      </AdditionalOptions>
   </LaunchAction>
   <ProfileAction
      shouldUseLaunchSchemeArgsEnv = "YES"
      savedToolIdentifier = ""
      useCustomWorkingDirectory = "NO"
      buildConfiguration = "Release"
      debugDocumentVersioning = "YES">
      <RemoteRunnable
         runnableDebuggingMode = "2"
         BundleIdentifier = "com.apple.springboard"
         RemotePath = "/Werable_iOS_Swift">
         <BuildableReference
            BuildableIdentifier = "primary"
            BlueprintIdentifier = "FFFF9F171A9EA38A003A3D4C"
            BuildableName = "Werable_iOS_Swift WatchKit App.app"
            BlueprintName = "Werable_iOS_Swift WatchKit App"
            ReferencedContainer = "container:Werable_iOS_Swift.xcodeproj">
         </BuildableReference>
      </RemoteRunnable>
      <MacroExpansion>
         <BuildableReference
            BuildableIdentifier = "primary"
            BlueprintIdentifier = "FFFF9F171A9EA38A003A3D4C"
            BuildableName = "Werable_iOS_Swift WatchKit App.app"
            BlueprintName = "Werable_iOS_Swift WatchKit App"
            ReferencedContainer = "container:Werable_iOS_Swift.xcodeproj">
         </BuildableReference>
      </MacroExpansion>
   </ProfileAction>
   <AnalyzeAction
      buildConfiguration = "Debug">
   </AnalyzeAction>
   <ArchiveAction
      buildConfiguration = "Release"
      revealArchiveInOrganizer = "YES">
   </ArchiveAction>
</Scheme>
